
Microsoft Visual Studio Solution File, Format Version 12.00
# Visual Studio Version 17
VisualStudioVersion = 17.5.33516.290
MinimumVisualStudioVersion = 10.0.40219.1
Project("{FAE04EC0-301F-11D3-BF4B-00C04F79EFBC}") = "FamilyLabsCs", "FamilyLabsCs.csproj", "{9568CCD7-E78E-4C20-A82D-8463932CB111}"
EndProject
Global
	GlobalSection(SolutionConfigurationPlatforms) = preSolution
		Debug|Any CPU = Debug|Any CPU
		Release|Any CPU = Release|Any CPU
	EndGlobalSection
	GlobalSection(ProjectConfigurationPlatforms) = postSolution
		{9568CCD7-E78E-4C20-A82D-8463932CB111}.Debug|Any CPU.ActiveCfg = Debug|Any CPU
		{9568CCD7-E78E-4C20-A82D-8463932CB111}.Debug|Any CPU.Build.0 = Debug|Any CPU
		{9568CCD7-E78E-4C20-A82D-8463932CB111}.Release|Any CPU.ActiveCfg = Release|Any CPU
		{9568CCD7-E78E-4C20-A82D-8463932CB111}.Release|Any CPU.Build.0 = Release|Any CPU
	EndGlobalSection
	GlobalSection(SolutionProperties) = preSolution
		HideSolutionNode = FALSE
	EndGlobalSection
	GlobalSection(ExtensibilityGlobals) = postSolution
		SolutionGuid = {33781A9B-303B-40CE-AEE9-FE1CB9832CBC}
	EndGlobalSection
EndGlobal
